
Microsoft Visual Studio Solution File, Format Version 12.00
# Visual Studio Version 17
VisualStudioVersion = 17.4.33110.190
MinimumVisualStudioVersion = 10.0.40219.1
Project("{FAE04EC0-301F-11D3-BF4B-00C04F79EFBC}") = "Labgestiondeprojet", "Labgestiondeprojet\Labgestiondeprojet.csproj", "{82A75056-16D6-4175-A1BA-52EF0345955D}"
EndProject
Global
	GlobalSection(SolutionConfigurationPlatforms) = preSolution
		Debug|arm64 = Debug|arm64
		Debug|x64 = Debug|x64
		Debug|x86 = Debug|x86
		Release|arm64 = Release|arm64
		Release|x64 = Release|x64
		Release|x86 = Release|x86
	EndGlobalSection
	GlobalSection(ProjectConfigurationPlatforms) = postSolution
		{82A75056-16D6-4175-A1BA-52EF0345955D}.Debug|arm64.ActiveCfg = Debug|arm64
		{82A75056-16D6-4175-A1BA-52EF0345955D}.Debug|arm64.Build.0 = Debug|arm64
		{82A75056-16D6-4175-A1BA-52EF0345955D}.Debug|arm64.Deploy.0 = Debug|arm64
		{82A75056-16D6-4175-A1BA-52EF0345955D}.Debug|x64.ActiveCfg = Debug|x64
		{82A75056-16D6-4175-A1BA-52EF0345955D}.Debug|x64.Build.0 = Debug|x64
		{82A75056-16D6-4175-A1BA-52EF0345955D}.Debug|x64.Deploy.0 = Debug|x64
		{82A75056-16D6-4175-A1BA-52EF0345955D}.Debug|x86.ActiveCfg = Debug|x86
		{82A75056-16D6-4175-A1BA-52EF0345955D}.Debug|x86.Build.0 = Debug|x86
		{82A75056-16D6-4175-A1BA-52EF0345955D}.Debug|x86.Deploy.0 = Debug|x86
		{82A75056-16D6-4175-A1BA-52EF0345955D}.Release|arm64.ActiveCfg = Release|arm64
		{82A75056-16D6-4175-A1BA-52EF0345955D}.Release|arm64.Build.0 = Release|arm64
		{82A75056-16D6-4175-A1BA-52EF0345955D}.Release|arm64.Deploy.0 = Release|arm64
		{82A75056-16D6-4175-A1BA-52EF0345955D}.Release|x64.ActiveCfg = Release|x64
		{82A75056-16D6-4175-A1BA-52EF0345955D}.Release|x64.Build.0 = Release|x64
		{82A75056-16D6-4175-A1BA-52EF0345955D}.Release|x64.Deploy.0 = Release|x64
		{82A75056-16D6-4175-A1BA-52EF0345955D}.Release|x86.ActiveCfg = Release|x86
		{82A75056-16D6-4175-A1BA-52EF0345955D}.Release|x86.Build.0 = Release|x86
		{82A75056-16D6-4175-A1BA-52EF0345955D}.Release|x86.Deploy.0 = Release|x86
	EndGlobalSection
	GlobalSection(SolutionProperties) = preSolution
		HideSolutionNode = FALSE
	EndGlobalSection
	GlobalSection(ExtensibilityGlobals) = postSolution
		SolutionGuid = {28EA73F4-E9C5-4636-ACE5-83A35E98E28A}
	EndGlobalSection
EndGlobal
